
Microsoft Visual Studio Solution File, Format Version 12.00
# Visual Studio Version 17
VisualStudioVersion = 17.3.32901.215
MinimumVisualStudioVersion = 10.0.40219.1
Project("{FAE04EC0-301F-11D3-BF4B-00C04F79EFBC}") = "LVDictionary", "LVDictionary.csproj", "{1BB29CC7-1B4C-4E4F-AF12-9EF130FC73BA}"
EndProject
Global
	GlobalSection(SolutionConfigurationPlatforms) = preSolution
		Debug|Any CPU = Debug|Any CPU
		Release|Any CPU = Release|Any CPU
	EndGlobalSection
	GlobalSection(ProjectConfigurationPlatforms) = postSolution
		{1BB29CC7-1B4C-4E4F-AF12-9EF130FC73BA}.Debug|Any CPU.ActiveCfg = Debug|Any CPU
		{1BB29CC7-1B4C-4E4F-AF12-9EF130FC73BA}.Debug|Any CPU.Build.0 = Debug|Any CPU
		{1BB29CC7-1B4C-4E4F-AF12-9EF130FC73BA}.Release|Any CPU.ActiveCfg = Release|Any CPU
		{1BB29CC7-1B4C-4E4F-AF12-9EF130FC73BA}.Release|Any CPU.Build.0 = Release|Any CPU
	EndGlobalSection
	GlobalSection(SolutionProperties) = preSolution
		HideSolutionNode = FALSE
	EndGlobalSection
	GlobalSection(ExtensibilityGlobals) = postSolution
		SolutionGuid = {411E68C9-A473-4132-9BDE-82FECBACF84A}
	EndGlobalSection
EndGlobal
